Microsoft Visual Studio Solution File, Format Version 12.00
# Visual Studio 2012
Project("{FAE04EC0-301F-11D3-BF4B-00C04F79EFBC}") = "til", "til.csproj", "{9958C3E9-D220-4B50-9A68-FD3C89CFC7BB}"
EndProject
Global
	GlobalSection(SolutionConfigurationPlatforms) = preSolution
	Debug|Any CPU = Debug|Any CPU
	ExportDebug|Any CPU = ExportDebug|Any CPU
	ExportRelease|Any CPU = ExportRelease|Any CPU
	EndGlobalSection
	GlobalSection(ProjectConfigurationPlatforms) = postSolution
		{9958C3E9-D220-4B50-9A68-FD3C89CFC7BB}.Debug|Any CPU.ActiveCfg = Debug|Any CPU
		{9958C3E9-D220-4B50-9A68-FD3C89CFC7BB}.Debug|Any CPU.Build.0 = Debug|Any CPU
		{9958C3E9-D220-4B50-9A68-FD3C89CFC7BB}.ExportDebug|Any CPU.ActiveCfg = ExportDebug|Any CPU
		{9958C3E9-D220-4B50-9A68-FD3C89CFC7BB}.ExportDebug|Any CPU.Build.0 = ExportDebug|Any CPU
		{9958C3E9-D220-4B50-9A68-FD3C89CFC7BB}.ExportRelease|Any CPU.ActiveCfg = ExportRelease|Any CPU
		{9958C3E9-D220-4B50-9A68-FD3C89CFC7BB}.ExportRelease|Any CPU.Build.0 = ExportRelease|Any CPU
	EndGlobalSection
EndGlobal
